
Microsoft Visual Studio Solution File, Format Version 12.00
Project("{FAE04EC0-301F-11D3-BF4B-00C04F79EFBC}") = "Domain", "Domain\Domain.csproj", "{5EE51089-0D02-4A38-A0F2-14947CD99D1D}"
EndProject
Project("{FAE04EC0-301F-11D3-BF4B-00C04F79EFBC}") = "Application", "Application\Application.csproj", "{4E60F40B-B0F1-48A9-886D-4958DEFC635F}"
EndProject
Project("{FAE04EC0-301F-11D3-BF4B-00C04F79EFBC}") = "Infrastructure", "Infrastructure\Infrastructure.csproj", "{3EB0B925-1913-4A01-878E-FAEF7B5F1EF8}"
EndProject
Project("{FAE04EC0-301F-11D3-BF4B-00C04F79EFBC}") = "Persistence", "Persistence\Persistence.csproj", "{A678A6A1-FF43-494D-AA63-E46CC25F8AB7}"
EndProject
Project("{FAE04EC0-301F-11D3-BF4B-00C04F79EFBC}") = "API", "API\API.csproj", "{CD761DFA-3232-48A5-A346-84AD365F06D4}"
EndProject
Global
	GlobalSection(SolutionConfigurationPlatforms) = preSolution
		Debug|Any CPU = Debug|Any CPU
		Release|Any CPU = Release|Any CPU
	EndGlobalSection
	GlobalSection(ProjectConfigurationPlatforms) = postSolution
		{5EE51089-0D02-4A38-A0F2-14947CD99D1D}.Debug|Any CPU.ActiveCfg = Debug|Any CPU
		{5EE51089-0D02-4A38-A0F2-14947CD99D1D}.Debug|Any CPU.Build.0 = Debug|Any CPU
		{5EE51089-0D02-4A38-A0F2-14947CD99D1D}.Release|Any CPU.ActiveCfg = Release|Any CPU
		{5EE51089-0D02-4A38-A0F2-14947CD99D1D}.Release|Any CPU.Build.0 = Release|Any CPU
		{4E60F40B-B0F1-48A9-886D-4958DEFC635F}.Debug|Any CPU.ActiveCfg = Debug|Any CPU
		{4E60F40B-B0F1-48A9-886D-4958DEFC635F}.Debug|Any CPU.Build.0 = Debug|Any CPU
		{4E60F40B-B0F1-48A9-886D-4958DEFC635F}.Release|Any CPU.ActiveCfg = Release|Any CPU
		{4E60F40B-B0F1-48A9-886D-4958DEFC635F}.Release|Any CPU.Build.0 = Release|Any CPU
		{3EB0B925-1913-4A01-878E-FAEF7B5F1EF8}.Debug|Any CPU.ActiveCfg = Debug|Any CPU
		{3EB0B925-1913-4A01-878E-FAEF7B5F1EF8}.Debug|Any CPU.Build.0 = Debug|Any CPU
		{3EB0B925-1913-4A01-878E-FAEF7B5F1EF8}.Release|Any CPU.ActiveCfg = Release|Any CPU
		{3EB0B925-1913-4A01-878E-FAEF7B5F1EF8}.Release|Any CPU.Build.0 = Release|Any CPU
		{A678A6A1-FF43-494D-AA63-E46CC25F8AB7}.Debug|Any CPU.ActiveCfg = Debug|Any CPU
		{A678A6A1-FF43-494D-AA63-E46CC25F8AB7}.Debug|Any CPU.Build.0 = Debug|Any CPU
		{A678A6A1-FF43-494D-AA63-E46CC25F8AB7}.Release|Any CPU.ActiveCfg = Release|Any CPU
		{A678A6A1-FF43-494D-AA63-E46CC25F8AB7}.Release|Any CPU.Build.0 = Release|Any CPU
		{CD761DFA-3232-48A5-A346-84AD365F06D4}.Debug|Any CPU.ActiveCfg = Debug|Any CPU
		{CD761DFA-3232-48A5-A346-84AD365F06D4}.Debug|Any CPU.Build.0 = Debug|Any CPU
		{CD761DFA-3232-48A5-A346-84AD365F06D4}.Release|Any CPU.ActiveCfg = Release|Any CPU
		{CD761DFA-3232-48A5-A346-84AD365F06D4}.Release|Any CPU.Build.0 = Release|Any CPU
	EndGlobalSection
EndGlobal
